
Microsoft Visual Studio Solution File, Format Version 12.00
# Visual Studio Version 17
VisualStudioVersion = 17.5.33424.131
MinimumVisualStudioVersion = 10.0.40219.1
Project("{FAE04EC0-301F-11D3-BF4B-00C04F79EFBC}") = "Common", "Common\Common.csproj", "{A8FD6DFC-3C34-4DB1-85E3-FB1BAA74A691}"
EndProject
Project("{FAE04EC0-301F-11D3-BF4B-00C04F79EFBC}") = "Entity_materie", "Entity_materie\Entity_materie.csproj", "{8308BEB1-E231-4466-9CE7-B4C6E4B0BFE3}"
EndProject
Project("{FAE04EC0-301F-11D3-BF4B-00C04F79EFBC}") = "Process_materie", "Process_materie\Process_materie.csproj", "{F4AF2E80-429C-4AF8-8C75-C9101C1AC314}"
EndProject
Project("{FAE04EC0-301F-11D3-BF4B-00C04F79EFBC}") = "winFormsIntf", "winFormsIntf\winFormsIntf.csproj", "{A873EDD0-1618-4D33-A608-34B7E50C1735}"
EndProject
Project("{FAE04EC0-301F-11D3-BF4B-00C04F79EFBC}") = "TestConsoleClassic", "TestConsoleClassic\TestConsoleClassic.csproj", "{077DA0AE-F40D-4626-86AB-79F6B87B2A38}"
EndProject
Project("{E24C65DC-7377-472B-9ABA-BC803B73C61A}") = "materie", "materie\", "{303E96B6-90E2-47CA-9796-845D0818B235}"
	ProjectSection(WebsiteProperties) = preProject
		TargetFrameworkMoniker = ".NETFramework,Version%3Dv4.8"
		ProjectReferences = "{a8fd6dfc-3c34-4db1-85e3-fb1baa74a691}|Common.dll;{8308beb1-e231-4466-9ce7-b4c6e4b0bfe3}|Entity_materie.dll;{f4af2e80-429c-4af8-8c75-c9101c1ac314}|Process_materie.dll;"
		Debug.AspNetCompiler.VirtualPath = "/localhost_52294"
		Debug.AspNetCompiler.PhysicalPath = "materie\"
		Debug.AspNetCompiler.TargetPath = "PrecompiledWeb\localhost_52294\"
		Debug.AspNetCompiler.Updateable = "true"
		Debug.AspNetCompiler.ForceOverwrite = "true"
		Debug.AspNetCompiler.FixedNames = "false"
		Debug.AspNetCompiler.Debug = "True"
		Release.AspNetCompiler.VirtualPath = "/localhost_52294"
		Release.AspNetCompiler.PhysicalPath = "materie\"
		Release.AspNetCompiler.TargetPath = "PrecompiledWeb\localhost_52294\"
		Release.AspNetCompiler.Updateable = "true"
		Release.AspNetCompiler.ForceOverwrite = "true"
		Release.AspNetCompiler.FixedNames = "false"
		Release.AspNetCompiler.Debug = "False"
		VWDPort = "52294"
		SlnRelativePath = "materie\"
	EndProjectSection
EndProject
Global
	GlobalSection(SolutionConfigurationPlatforms) = preSolution
		Debug|Any CPU = Debug|Any CPU
		Debug|Mixed Platforms = Debug|Mixed Platforms
		Debug|x64 = Debug|x64
		Debug|x86 = Debug|x86
		Release|Any CPU = Release|Any CPU
		Release|Mixed Platforms = Release|Mixed Platforms
		Release|x64 = Release|x64
		Release|x86 = Release|x86
	EndGlobalSection
	GlobalSection(ProjectConfigurationPlatforms) = postSolution
		{A8FD6DFC-3C34-4DB1-85E3-FB1BAA74A691}.Debug|Any CPU.ActiveCfg = Debug|Any CPU
		{A8FD6DFC-3C34-4DB1-85E3-FB1BAA74A691}.Debug|Any CPU.Build.0 = Debug|Any CPU
		{A8FD6DFC-3C34-4DB1-85E3-FB1BAA74A691}.Debug|Mixed Platforms.ActiveCfg = Debug|Any CPU
		{A8FD6DFC-3C34-4DB1-85E3-FB1BAA74A691}.Debug|Mixed Platforms.Build.0 = Debug|Any CPU
		{A8FD6DFC-3C34-4DB1-85E3-FB1BAA74A691}.Debug|x64.ActiveCfg = Debug|Any CPU
		{A8FD6DFC-3C34-4DB1-85E3-FB1BAA74A691}.Debug|x64.Build.0 = Debug|Any CPU
		{A8FD6DFC-3C34-4DB1-85E3-FB1BAA74A691}.Debug|x86.ActiveCfg = Debug|Any CPU
		{A8FD6DFC-3C34-4DB1-85E3-FB1BAA74A691}.Release|Any CPU.ActiveCfg = Release|Any CPU
		{A8FD6DFC-3C34-4DB1-85E3-FB1BAA74A691}.Release|Any CPU.Build.0 = Release|Any CPU
		{A8FD6DFC-3C34-4DB1-85E3-FB1BAA74A691}.Release|Mixed Platforms.ActiveCfg = Release|Any CPU
		{A8FD6DFC-3C34-4DB1-85E3-FB1BAA74A691}.Release|Mixed Platforms.Build.0 = Release|Any CPU
		{A8FD6DFC-3C34-4DB1-85E3-FB1BAA74A691}.Release|x64.ActiveCfg = Release|x64
		{A8FD6DFC-3C34-4DB1-85E3-FB1BAA74A691}.Release|x64.Build.0 = Release|x64
		{A8FD6DFC-3C34-4DB1-85E3-FB1BAA74A691}.Release|x86.ActiveCfg = Release|Any CPU
		{8308BEB1-E231-4466-9CE7-B4C6E4B0BFE3}.Debug|Any CPU.ActiveCfg = Debug|Any CPU
		{8308BEB1-E231-4466-9CE7-B4C6E4B0BFE3}.Debug|Any CPU.Build.0 = Debug|Any CPU
		{8308BEB1-E231-4466-9CE7-B4C6E4B0BFE3}.Debug|Mixed Platforms.ActiveCfg = Debug|Any CPU
		{8308BEB1-E231-4466-9CE7-B4C6E4B0BFE3}.Debug|Mixed Platforms.Build.0 = Debug|Any CPU
		{8308BEB1-E231-4466-9CE7-B4C6E4B0BFE3}.Debug|x64.ActiveCfg = Debug|Any CPU
		{8308BEB1-E231-4466-9CE7-B4C6E4B0BFE3}.Debug|x64.Build.0 = Debug|Any CPU
		{8308BEB1-E231-4466-9CE7-B4C6E4B0BFE3}.Debug|x86.ActiveCfg = Debug|Any CPU
		{8308BEB1-E231-4466-9CE7-B4C6E4B0BFE3}.Release|Any CPU.ActiveCfg = Release|Any CPU
		{8308BEB1-E231-4466-9CE7-B4C6E4B0BFE3}.Release|Any CPU.Build.0 = Release|Any CPU
		{8308BEB1-E231-4466-9CE7-B4C6E4B0BFE3}.Release|Mixed Platforms.ActiveCfg = Release|Any CPU
		{8308BEB1-E231-4466-9CE7-B4C6E4B0BFE3}.Release|Mixed Platforms.Build.0 = Release|Any CPU
		{8308BEB1-E231-4466-9CE7-B4C6E4B0BFE3}.Release|x64.ActiveCfg = Release|x64
		{8308BEB1-E231-4466-9CE7-B4C6E4B0BFE3}.Release|x64.Build.0 = Release|x64
		{8308BEB1-E231-4466-9CE7-B4C6E4B0BFE3}.Release|x86.ActiveCfg = Release|Any CPU
		{F4AF2E80-429C-4AF8-8C75-C9101C1AC314}.Debug|Any CPU.ActiveCfg = Debug|Any CPU
		{F4AF2E80-429C-4AF8-8C75-C9101C1AC314}.Debug|Any CPU.Build.0 = Debug|Any CPU
		{F4AF2E80-429C-4AF8-8C75-C9101C1AC314}.Debug|Mixed Platforms.ActiveCfg = Debug|Any CPU
		{F4AF2E80-429C-4AF8-8C75-C9101C1AC314}.Debug|Mixed Platforms.Build.0 = Debug|Any CPU
		{F4AF2E80-429C-4AF8-8C75-C9101C1AC314}.Debug|x64.ActiveCfg = Debug|Any CPU
		{F4AF2E80-429C-4AF8-8C75-C9101C1AC314}.Debug|x64.Build.0 = Debug|Any CPU
		{F4AF2E80-429C-4AF8-8C75-C9101C1AC314}.Debug|x86.ActiveCfg = Debug|Any CPU
		{F4AF2E80-429C-4AF8-8C75-C9101C1AC314}.Release|Any CPU.ActiveCfg = Release|Any CPU
		{F4AF2E80-429C-4AF8-8C75-C9101C1AC314}.Release|Any CPU.Build.0 = Release|Any CPU
		{F4AF2E80-429C-4AF8-8C75-C9101C1AC314}.Release|Mixed Platforms.ActiveCfg = Release|Any CPU
		{F4AF2E80-429C-4AF8-8C75-C9101C1AC314}.Release|Mixed Platforms.Build.0 = Release|Any CPU
		{F4AF2E80-429C-4AF8-8C75-C9101C1AC314}.Release|x64.ActiveCfg = Release|x64
		{F4AF2E80-429C-4AF8-8C75-C9101C1AC314}.Release|x64.Build.0 = Release|x64
		{F4AF2E80-429C-4AF8-8C75-C9101C1AC314}.Release|x86.ActiveCfg = Release|Any CPU
		{A873EDD0-1618-4D33-A608-34B7E50C1735}.Debug|Any CPU.ActiveCfg = Debug|x86
		{A873EDD0-1618-4D33-A608-34B7E50C1735}.Debug|Mixed Platforms.ActiveCfg = Debug|x86
		{A873EDD0-1618-4D33-A608-34B7E50C1735}.Debug|Mixed Platforms.Build.0 = Debug|x86
		{A873EDD0-1618-4D33-A608-34B7E50C1735}.Debug|x64.ActiveCfg = Debug|x64
		{A873EDD0-1618-4D33-A608-34B7E50C1735}.Debug|x64.Build.0 = Debug|x64
		{A873EDD0-1618-4D33-A608-34B7E50C1735}.Debug|x86.ActiveCfg = Debug|x86
		{A873EDD0-1618-4D33-A608-34B7E50C1735}.Debug|x86.Build.0 = Debug|x86
		{A873EDD0-1618-4D33-A608-34B7E50C1735}.Release|Any CPU.ActiveCfg = Release|x86
		{A873EDD0-1618-4D33-A608-34B7E50C1735}.Release|Mixed Platforms.ActiveCfg = Release|x86
		{A873EDD0-1618-4D33-A608-34B7E50C1735}.Release|Mixed Platforms.Build.0 = Release|x86
		{A873EDD0-1618-4D33-A608-34B7E50C1735}.Release|x64.ActiveCfg = Release|x64
		{A873EDD0-1618-4D33-A608-34B7E50C1735}.Release|x64.Build.0 = Release|x64
		{A873EDD0-1618-4D33-A608-34B7E50C1735}.Release|x86.ActiveCfg = Release|x86
		{A873EDD0-1618-4D33-A608-34B7E50C1735}.Release|x86.Build.0 = Release|x86
		{077DA0AE-F40D-4626-86AB-79F6B87B2A38}.Debug|Any CPU.ActiveCfg = Debug|Any CPU
		{077DA0AE-F40D-4626-86AB-79F6B87B2A38}.Debug|Any CPU.Build.0 = Debug|Any CPU
		{077DA0AE-F40D-4626-86AB-79F6B87B2A38}.Debug|Mixed Platforms.ActiveCfg = Debug|Any CPU
		{077DA0AE-F40D-4626-86AB-79F6B87B2A38}.Debug|Mixed Platforms.Build.0 = Debug|Any CPU
		{077DA0AE-F40D-4626-86AB-79F6B87B2A38}.Debug|x64.ActiveCfg = Debug|Any CPU
		{077DA0AE-F40D-4626-86AB-79F6B87B2A38}.Debug|x64.Build.0 = Debug|Any CPU
		{077DA0AE-F40D-4626-86AB-79F6B87B2A38}.Debug|x86.ActiveCfg = Debug|Any CPU
		{077DA0AE-F40D-4626-86AB-79F6B87B2A38}.Debug|x86.Build.0 = Debug|Any CPU
		{077DA0AE-F40D-4626-86AB-79F6B87B2A38}.Release|Any CPU.ActiveCfg = Release|Any CPU
		{077DA0AE-F40D-4626-86AB-79F6B87B2A38}.Release|Any CPU.Build.0 = Release|Any CPU
		{077DA0AE-F40D-4626-86AB-79F6B87B2A38}.Release|Mixed Platforms.ActiveCfg = Release|Any CPU
		{077DA0AE-F40D-4626-86AB-79F6B87B2A38}.Release|Mixed Platforms.Build.0 = Release|Any CPU
		{077DA0AE-F40D-4626-86AB-79F6B87B2A38}.Release|x64.ActiveCfg = Release|Any CPU
		{077DA0AE-F40D-4626-86AB-79F6B87B2A38}.Release|x64.Build.0 = Release|Any CPU
		{077DA0AE-F40D-4626-86AB-79F6B87B2A38}.Release|x86.ActiveCfg = Release|Any CPU
		{077DA0AE-F40D-4626-86AB-79F6B87B2A38}.Release|x86.Build.0 = Release|Any CPU
		{303E96B6-90E2-47CA-9796-845D0818B235}.Debug|Any CPU.ActiveCfg = Debug|Any CPU
		{303E96B6-90E2-47CA-9796-845D0818B235}.Debug|Any CPU.Build.0 = Debug|Any CPU
		{303E96B6-90E2-47CA-9796-845D0818B235}.Debug|Mixed Platforms.ActiveCfg = Debug|Any CPU
		{303E96B6-90E2-47CA-9796-845D0818B235}.Debug|Mixed Platforms.Build.0 = Debug|Any CPU
		{303E96B6-90E2-47CA-9796-845D0818B235}.Debug|x64.ActiveCfg = Debug|Any CPU
		{303E96B6-90E2-47CA-9796-845D0818B235}.Debug|x64.Build.0 = Debug|Any CPU
		{303E96B6-90E2-47CA-9796-845D0818B235}.Debug|x86.ActiveCfg = Debug|Any CPU
		{303E96B6-90E2-47CA-9796-845D0818B235}.Debug|x86.Build.0 = Debug|Any CPU
		{303E96B6-90E2-47CA-9796-845D0818B235}.Release|Any CPU.ActiveCfg = Debug|Any CPU
		{303E96B6-90E2-47CA-9796-845D0818B235}.Release|Any CPU.Build.0 = Debug|Any CPU
		{303E96B6-90E2-47CA-9796-845D0818B235}.Release|Mixed Platforms.ActiveCfg = Debug|Any CPU
		{303E96B6-90E2-47CA-9796-845D0818B235}.Release|Mixed Platforms.Build.0 = Debug|Any CPU
		{303E96B6-90E2-47CA-9796-845D0818B235}.Release|x64.ActiveCfg = Debug|Any CPU
		{303E96B6-90E2-47CA-9796-845D0818B235}.Release|x64.Build.0 = Debug|Any CPU
		{303E96B6-90E2-47CA-9796-845D0818B235}.Release|x86.ActiveCfg = Debug|Any CPU
		{303E96B6-90E2-47CA-9796-845D0818B235}.Release|x86.Build.0 = Debug|Any CPU
	EndGlobalSection
	GlobalSection(SolutionProperties) = preSolution
		HideSolutionNode = FALSE
	EndGlobalSection
	GlobalSection(ExtensibilityGlobals) = postSolution
		SolutionGuid = {404E9452-713F-44A8-B084-547D25DC7F1D}
	EndGlobalSection
EndGlobal
